
Microsoft Visual Studio Solution File, Format Version 12.00
# Visual Studio Version 17
VisualStudioVersion = 17.4.33205.214
MinimumVisualStudioVersion = 10.0.40219.1
Project("{FAE04EC0-301F-11D3-BF4B-00C04F79EFBC}") = "BentukKata", "BentukKata.csproj", "{5DBE14E0-F61E-483C-AFEE-8995E64A1948}"
EndProject
Global
	GlobalSection(SolutionConfigurationPlatforms) = preSolution
		Debug|Any CPU = Debug|Any CPU
		Release|Any CPU = Release|Any CPU
	EndGlobalSection
	GlobalSection(ProjectConfigurationPlatforms) = postSolution
		{5DBE14E0-F61E-483C-AFEE-8995E64A1948}.Debug|Any CPU.ActiveCfg = Debug|Any CPU
		{5DBE14E0-F61E-483C-AFEE-8995E64A1948}.Debug|Any CPU.Build.0 = Debug|Any CPU
		{5DBE14E0-F61E-483C-AFEE-8995E64A1948}.Release|Any CPU.ActiveCfg = Release|Any CPU
		{5DBE14E0-F61E-483C-AFEE-8995E64A1948}.Release|Any CPU.Build.0 = Release|Any CPU
	EndGlobalSection
	GlobalSection(SolutionProperties) = preSolution
		HideSolutionNode = FALSE
	EndGlobalSection
	GlobalSection(ExtensibilityGlobals) = postSolution
		SolutionGuid = {E08102F7-C2AD-45A4-864D-D4F63C7F1418}
	EndGlobalSection
EndGlobal
